
Microsoft Visual Studio Solution File, Format Version 12.00
# Visual Studio 15
VisualStudioVersion = 15.0.27130.2027
MinimumVisualStudioVersion = 10.0.40219.1
Project("{8BC9CEB8-8B4A-11D0-8D11-00A0C91BC942}") = "hangman", "hangman.vcxproj", "{0D83F75B-46D0-457C-898B-97933C55B016}"
EndProject
Global
	GlobalSection(SolutionConfigurationPlatforms) = preSolution
		Debug|x64 = Debug|x64
		Debug|x86 = Debug|x86
		Release|x64 = Release|x64
		Release|x86 = Release|x86
	EndGlobalSection
	GlobalSection(ProjectConfigurationPlatforms) = postSolution
		{0D83F75B-46D0-457C-898B-97933C55B016}.Debug|x64.ActiveCfg = Debug|x64
		{0D83F75B-46D0-457C-898B-97933C55B016}.Debug|x64.Build.0 = Debug|x64
		{0D83F75B-46D0-457C-898B-97933C55B016}.Debug|x86.ActiveCfg = Debug|Win32
		{0D83F75B-46D0-457C-898B-97933C55B016}.Debug|x86.Build.0 = Debug|Win32
		{0D83F75B-46D0-457C-898B-97933C55B016}.Release|x64.ActiveCfg = Release|x64
		{0D83F75B-46D0-457C-898B-97933C55B016}.Release|x64.Build.0 = Release|x64
		{0D83F75B-46D0-457C-898B-97933C55B016}.Release|x86.ActiveCfg = Release|Win32
		{0D83F75B-46D0-457C-898B-97933C55B016}.Release|x86.Build.0 = Release|Win32
	EndGlobalSection
	GlobalSection(SolutionProperties) = preSolution
		HideSolutionNode = FALSE
	EndGlobalSection
	GlobalSection(ExtensibilityGlobals) = postSolution
		SolutionGuid = {647519FC-65CF-4CCF-8669-E687975F11B8}
	EndGlobalSection
EndGlobal
